
Microsoft Visual Studio Solution File, Format Version 11.00
# Visual Studio 2010
Project("{FAE04EC0-301F-11D3-BF4B-00C04F79EFBC}") = "gestion_documental", "gestion_documental\gestion_documental.csproj", "{8F2181AF-6831-418D-A5EE-AA1904BCF3D1}"
EndProject
Project("{FAE04EC0-301F-11D3-BF4B-00C04F79EFBC}") = "gestion_documental_WF", "gestion_documental_WF\gestion_documental_WF.csproj", "{B4153C19-82FF-4974-8E41-78B6CA041FDA}"
EndProject
Global
	GlobalSection(SolutionConfigurationPlatforms) = preSolution
		Debug|Any CPU = Debug|Any CPU
		Debug|Mixed Platforms = Debug|Mixed Platforms
		Debug|x86 = Debug|x86
		Release|Any CPU = Release|Any CPU
		Release|Mixed Platforms = Release|Mixed Platforms
		Release|x86 = Release|x86
	EndGlobalSection
	GlobalSection(ProjectConfigurationPlatforms) = postSolution
		{8F2181AF-6831-418D-A5EE-AA1904BCF3D1}.Debug|Any CPU.ActiveCfg = Debug|Any CPU
		{8F2181AF-6831-418D-A5EE-AA1904BCF3D1}.Debug|Any CPU.Build.0 = Debug|Any CPU
		{8F2181AF-6831-418D-A5EE-AA1904BCF3D1}.Debug|Mixed Platforms.ActiveCfg = Debug|Any CPU
		{8F2181AF-6831-418D-A5EE-AA1904BCF3D1}.Debug|Mixed Platforms.Build.0 = Debug|Any CPU
		{8F2181AF-6831-418D-A5EE-AA1904BCF3D1}.Debug|x86.ActiveCfg = Debug|Any CPU
		{8F2181AF-6831-418D-A5EE-AA1904BCF3D1}.Release|Any CPU.ActiveCfg = Release|Any CPU
		{8F2181AF-6831-418D-A5EE-AA1904BCF3D1}.Release|Any CPU.Build.0 = Release|Any CPU
		{8F2181AF-6831-418D-A5EE-AA1904BCF3D1}.Release|Mixed Platforms.ActiveCfg = Release|Any CPU
		{8F2181AF-6831-418D-A5EE-AA1904BCF3D1}.Release|Mixed Platforms.Build.0 = Release|Any CPU
		{8F2181AF-6831-418D-A5EE-AA1904BCF3D1}.Release|x86.ActiveCfg = Release|Any CPU
		{B4153C19-82FF-4974-8E41-78B6CA041FDA}.Debug|Any CPU.ActiveCfg = Debug|x86
		{B4153C19-82FF-4974-8E41-78B6CA041FDA}.Debug|Mixed Platforms.ActiveCfg = Debug|x86
		{B4153C19-82FF-4974-8E41-78B6CA041FDA}.Debug|Mixed Platforms.Build.0 = Debug|x86
		{B4153C19-82FF-4974-8E41-78B6CA041FDA}.Debug|x86.ActiveCfg = Debug|x86
		{B4153C19-82FF-4974-8E41-78B6CA041FDA}.Debug|x86.Build.0 = Debug|x86
		{B4153C19-82FF-4974-8E41-78B6CA041FDA}.Release|Any CPU.ActiveCfg = Release|x86
		{B4153C19-82FF-4974-8E41-78B6CA041FDA}.Release|Mixed Platforms.ActiveCfg = Release|x86
		{B4153C19-82FF-4974-8E41-78B6CA041FDA}.Release|Mixed Platforms.Build.0 = Release|x86
		{B4153C19-82FF-4974-8E41-78B6CA041FDA}.Release|x86.ActiveCfg = Release|x86
		{B4153C19-82FF-4974-8E41-78B6CA041FDA}.Release|x86.Build.0 = Release|x86
	EndGlobalSection
	GlobalSection(SolutionProperties) = preSolution
		HideSolutionNode = FALSE
	EndGlobalSection
EndGlobal
